// !$*UTF8*$!
{
	archiveVersion = 1;
	classes = {
	};
	objectVersion = 46;
	objects = {

/* Begin PBXBuildFile section */
		6BD97A9930E5A59373D17EB4 /* Pods_CachedTests.framework in Frameworks */ = {isa = PBXBuildFile; fileRef = 98ADDA56751543FCF452B0EB /* Pods_CachedTests.framework */; settings = {ATTRIBUTES = (Weak, ); }; };
		7768E78E3F4F35A592CF393A /* Pods_Cached.framework in Frameworks */ = {isa = PBXBuildFile; fileRef = 60593C0386D0C495F755DC69 /* Pods_Cached.framework */; settings = {ATTRIBUTES = (Weak, ); }; };
		8E23E40B1AAA640E000EC08D /* CDWebViewController.swift in Sources */ = {isa = PBXBuildFile; fileRef = 8E23E40A1AAA640E000EC08D /* CDWebViewController.swift */; };
		8E7E7A831AC1F71400D0BB09 /* CALayer+Extensions .swift in Sources */ = {isa = PBXBuildFile; fileRef = 8E7E7A7F1AC1F71400D0BB09 /* CALayer+Extensions .swift */; };
		8E7E7A841AC1F71400D0BB09 /* DRRingGradientLayer.swift in Sources */ = {isa = PBXBuildFile; fileRef = 8E7E7A801AC1F71400D0BB09 /* DRRingGradientLayer.swift */; };
		8E7E7A851AC1F71400D0BB09 /* DRRingShapeLayer.swift in Sources */ = {isa = PBXBuildFile; fileRef = 8E7E7A811AC1F71400D0BB09 /* DRRingShapeLayer.swift */; };
		8E7E7A861AC1F71400D0BB09 /* DRRefreshView.swift in Sources */ = {isa = PBXBuildFile; fileRef = 8E7E7A821AC1F71400D0BB09 /* DRRefreshView.swift */; };
		8E7E7A8A1AC1F93100D0BB09 /* AngleGradientLayer.m in Sources */ = {isa = PBXBuildFile; fileRef = 8E7E7A891AC1F93100D0BB09 /* AngleGradientLayer.m */; };
		8E863EC71AA7E4C10080FE24 /* CDNetworkService.swift in Sources */ = {isa = PBXBuildFile; fileRef = 8E863EC61AA7E4C10080FE24 /* CDNetworkService.swift */; };
		8E863EC91AA7EF680080FE24 /* CDNetworkServiceSpec.swift in Sources */ = {isa = PBXBuildFile; fileRef = 8E863EC81AA7EF680080FE24 /* CDNetworkServiceSpec.swift */; };
		8E9C115E1AA4449A008B4603 /* FeedViewControllerSpec.swift in Sources */ = {isa = PBXBuildFile; fileRef = 8E9C115D1AA4449A008B4603 /* FeedViewControllerSpec.swift */; };
		8EAAC61C1AA7AD30002B637D /* CDStoryItemSpec.swift in Sources */ = {isa = PBXBuildFile; fileRef = 8EAAC61B1AA7AD30002B637D /* CDStoryItemSpec.swift */; };
		8EAAC6221AA7AE10002B637D /* CDStoryItem.swift in Sources */ = {isa = PBXBuildFile; fileRef = 8EAAC6211AA7AE10002B637D /* CDStoryItem.swift */; };
		8EAAC62F1AA7DAF1002B637D /* XCGLogger.framework in Frameworks */ = {isa = PBXBuildFile; fileRef = 8EAAC62A1AA7DAD3002B637D /* XCGLogger.framework */; };
		8EAAC6301AA7DAF1002B637D /* XCGLogger.framework in CopyFiles */ = {isa = PBXBuildFile; fileRef = 8EAAC62A1AA7DAD3002B637D /* XCGLogger.framework */; settings = {ATTRIBUTES = (CodeSignOnCopy, RemoveHeadersOnCopy, ); }; };
		8EABC12A1AA921C100A28B22 /* CDDataManager.swift in Sources */ = {isa = PBXBuildFile; fileRef = 8EABC1291AA921C100A28B22 /* CDDataManager.swift */; };
		8EABC1321AAA279F00A28B22 /* CDFeedTableView.swift in Sources */ = {isa = PBXBuildFile; fileRef = 8EABC1311AAA279F00A28B22 /* CDFeedTableView.swift */; };
		8EABC1341AAA27E500A28B22 /* CDFeedTableViewCell.swift in Sources */ = {isa = PBXBuildFile; fileRef = 8EABC1331AAA27E500A28B22 /* CDFeedTableViewCell.swift */; };
		8EABC1371AAA296D00A28B22 /* CDColorPalete.swift in Sources */ = {isa = PBXBuildFile; fileRef = 8EABC1361AAA296D00A28B22 /* CDColorPalete.swift */; };
		8EABC1391AAA595D00A28B22 /* CDThinLineButton.swift in Sources */ = {isa = PBXBuildFile; fileRef = 8EABC1381AAA595D00A28B22 /* CDThinLineButton.swift */; };
		8ED2114A1AA38D610034CE9D /* AppDelegate.swift in Sources */ = {isa = PBXBuildFile; fileRef = 8ED211491AA38D610034CE9D /* AppDelegate.swift */; };
		8ED2114C1AA38D610034CE9D /* CDFeedController.swift in Sources */ = {isa = PBXBuildFile; fileRef = 8ED2114B1AA38D610034CE9D /* CDFeedController.swift */; };
		8ED2114F1AA38D610034CE9D /* Main.storyboard in Resources */ = {isa = PBXBuildFile; fileRef = 8ED2114D1AA38D610034CE9D /* Main.storyboard */; };
		8ED211511AA38D610034CE9D /* Images.xcassets in Resources */ = {isa = PBXBuildFile; fileRef = 8ED211501AA38D610034CE9D /* Images.xcassets */; };
		8ED211541AA38D610034CE9D /* LaunchScreen.xib in Resources */ = {isa = PBXBuildFile; fileRef = 8ED211521AA38D610034CE9D /* LaunchScreen.xib */; };
		8EFDA04D1AACC20100C8C2E1 /* CDFeedTableViewCellModel.swift in Sources */ = {isa = PBXBuildFile; fileRef = 8EFDA04C1AACC20100C8C2E1 /* CDFeedTableViewCellModel.swift */; };
		8EFDA0541AACCEBC00C8C2E1 /* CDFeedControllerModel.swift in Sources */ = {isa = PBXBuildFile; fileRef = 8EFDA0531AACCEBC00C8C2E1 /* CDFeedControllerModel.swift */; };
/* End PBXBuildFile section */

/* Begin PBXContainerItemProxy section */
		8EAAC6291AA7DAD3002B637D /* PBXContainerItemProxy */ = {
			isa = PBXContainerItemProxy;
			containerPortal = 8EAAC6231AA7DAD2002B637D /* XCGLogger.xcodeproj */;
			proxyType = 2;
			remoteGlobalIDString = 55E3EE4519D76F280068C3A7;
			remoteInfo = "XCGLogger (iOS)";
		};
		8EAAC62B1AA7DAD3002B637D /* PBXContainerItemProxy */ = {
			isa = PBXContainerItemProxy;
			containerPortal = 8EAAC6231AA7DAD2002B637D /* XCGLogger.xcodeproj */;
			proxyType = 2;
			remoteGlobalIDString = 554DF41719D76FE7005708BE;
			remoteInfo = "XCGLogger (OS X)";
		};
		8EAAC62D1AA7DAD3002B637D /* PBXContainerItemProxy */ = {
			isa = PBXContainerItemProxy;
			containerPortal = 8EAAC6231AA7DAD2002B637D /* XCGLogger.xcodeproj */;
			proxyType = 2;
			remoteGlobalIDString = 55E3EE5019D76F280068C3A7;
			remoteInfo = XCGLoggerTests;
		};
		8EAAC6311AA7DAF1002B637D /* PBXContainerItemProxy */ = {
			isa = PBXContainerItemProxy;
			containerPortal = 8EAAC6231AA7DAD2002B637D /* XCGLogger.xcodeproj */;
			proxyType = 1;
			remoteGlobalIDString = 55E3EE4419D76F280068C3A7;
			remoteInfo = "XCGLogger (iOS)";
		};
		8ED2115A1AA38D610034CE9D /* PBXContainerItemProxy */ = {
			isa = PBXContainerItemProxy;
			containerPortal = 8ED2113C1AA38D610034CE9D /* Project object */;
			proxyType = 1;
			remoteGlobalIDString = 8ED211431AA38D610034CE9D;
			remoteInfo = Cached;
		};
/* End PBXContainerItemProxy section */

/* Begin PBXCopyFilesBuildPhase section */
		8EA229A51AA5664F00041303 /* CopyFiles */ = {
			isa = PBXCopyFilesBuildPhase;
			buildActionMask = 2147483647;
			dstPath = "";
			dstSubfolderSpec = 10;
			files = (
				8EAAC6301AA7DAF1002B637D /* XCGLogger.framework in CopyFiles */,
			);
			runOnlyForDeploymentPostprocessing = 0;
		};
/* End PBXCopyFilesBuildPhase section */

/* Begin PBXFileReference section */
		13CCC95CC67740D2D0CD7817 /* Pods-CachedTests.debug.xcconfig */ = {isa = PBXFileReference; includeInIndex = 1; lastKnownFileType = text.xcconfig; name = "Pods-CachedTests.debug.xcconfig"; path = "Pods/Target Support Files/Pods-CachedTests/Pods-CachedTests.debug.xcconfig"; sourceTree = "<group>"; };
		3375D3688318BF3CF6A42616 /* Pods-CachedTests.release.xcconfig */ = {isa = PBXFileReference; includeInIndex = 1; lastKnownFileType = text.xcconfig; name = "Pods-CachedTests.release.xcconfig"; path = "Pods/Target Support Files/Pods-CachedTests/Pods-CachedTests.release.xcconfig"; sourceTree = "<group>"; };
		4A2491F5FD48C7BEA94DFE0C /* Pods-Cached.release.xcconfig */ = {isa = PBXFileReference; includeInIndex = 1; lastKnownFileType = text.xcconfig; name = "Pods-Cached.release.xcconfig"; path = "Pods/Target Support Files/Pods-Cached/Pods-Cached.release.xcconfig"; sourceTree = "<group>"; };
		50D38CD5B1105B633AE4BD0C /* Pods-Cached.debug.xcconfig */ = {isa = PBXFileReference; includeInIndex = 1; lastKnownFileType = text.xcconfig; name = "Pods-Cached.debug.xcconfig"; path = "Pods/Target Support Files/Pods-Cached/Pods-Cached.debug.xcconfig"; sourceTree = "<group>"; };
		60593C0386D0C495F755DC69 /* Pods_Cached.framework */ = {isa = PBXFileReference; explicitFileType = wrapper.framework; includeInIndex = 0; path = Pods_Cached.framework; sourceTree = BUILT_PRODUCTS_DIR; };
		8E23E40A1AAA640E000EC08D /* CDWebViewController.swift */ = {isa = PBXFileReference; fileEncoding = 4; lastKnownFileType = sourcecode.swift; path = CDWebViewController.swift; sourceTree = "<group>"; };
		8E7E7A7F1AC1F71400D0BB09 /* CALayer+Extensions .swift */ = {isa = PBXFileReference; fileEncoding = 4; lastKnownFileType = sourcecode.swift; path = "CALayer+Extensions .swift"; sourceTree = "<group>"; };
		8E7E7A801AC1F71400D0BB09 /* DRRingGradientLayer.swift */ = {isa = PBXFileReference; fileEncoding = 4; lastKnownFileType = sourcecode.swift; path = DRRingGradientLayer.swift; sourceTree = "<group>"; };
		8E7E7A811AC1F71400D0BB09 /* DRRingShapeLayer.swift */ = {isa = PBXFileReference; fileEncoding = 4; lastKnownFileType = sourcecode.swift; path = DRRingShapeLayer.swift; sourceTree = "<group>"; };
		8E7E7A821AC1F71400D0BB09 /* DRRefreshView.swift */ = {isa = PBXFileReference; fileEncoding = 4; lastKnownFileType = sourcecode.swift; path = DRRefreshView.swift; sourceTree = "<group>"; };
		8E7E7A881AC1F93100D0BB09 /* AngleGradientLayer.h */ = {isa = PBXFileReference; fileEncoding = 4; lastKnownFileType = sourcecode.c.h; path = AngleGradientLayer.h; sourceTree = "<group>"; };
		8E7E7A891AC1F93100D0BB09 /* AngleGradientLayer.m */ = {isa = PBXFileReference; fileEncoding = 4; lastKnownFileType = sourcecode.c.objc; path = AngleGradientLayer.m; sourceTree = "<group>"; };
		8E863EC61AA7E4C10080FE24 /* CDNetworkService.swift */ = {isa = PBXFileReference; fileEncoding = 4; lastKnownFileType = sourcecode.swift; path = CDNetworkService.swift; sourceTree = "<group>"; };
		8E863EC81AA7EF680080FE24 /* CDNetworkServiceSpec.swift */ = {isa = PBXFileReference; fileEncoding = 4; lastKnownFileType = sourcecode.swift; path = CDNetworkServiceSpec.swift; sourceTree = "<group>"; };
		8E9C115D1AA4449A008B4603 /* FeedViewControllerSpec.swift */ = {isa = PBXFileReference; fileEncoding = 4; lastKnownFileType = sourcecode.swift; path = FeedViewControllerSpec.swift; sourceTree = "<group>"; };
		8EAAC61B1AA7AD30002B637D /* CDStoryItemSpec.swift */ = {isa = PBXFileReference; fileEncoding = 4; lastKnownFileType = sourcecode.swift; path = CDStoryItemSpec.swift; sourceTree = "<group>"; };
		8EAAC6211AA7AE10002B637D /* CDStoryItem.swift */ = {isa = PBXFileReference; fileEncoding = 4; lastKnownFileType = sourcecode.swift; path = CDStoryItem.swift; sourceTree = "<group>"; };
		8EAAC6231AA7DAD2002B637D /* XCGLogger.xcodeproj */ = {isa = PBXFileReference; lastKnownFileType = "wrapper.pb-project"; name = XCGLogger.xcodeproj; path = "../../Downloads/XCGLogger-master-2/XCGLogger/Library/XCGLogger.xcodeproj"; sourceTree = "<group>"; };
		8EABC1291AA921C100A28B22 /* CDDataManager.swift */ = {isa = PBXFileReference; fileEncoding = 4; lastKnownFileType = sourcecode.swift; path = CDDataManager.swift; sourceTree = "<group>"; };
		8EABC1311AAA279F00A28B22 /* CDFeedTableView.swift */ = {isa = PBXFileReference; fileEncoding = 4; lastKnownFileType = sourcecode.swift; path = CDFeedTableView.swift; sourceTree = "<group>"; };
		8EABC1331AAA27E500A28B22 /* CDFeedTableViewCell.swift */ = {isa = PBXFileReference; fileEncoding = 4; lastKnownFileType = sourcecode.swift; path = CDFeedTableViewCell.swift; sourceTree = "<group>"; };
		8EABC1361AAA296D00A28B22 /* CDColorPalete.swift */ = {isa = PBXFileReference; fileEncoding = 4; lastKnownFileType = sourcecode.swift; path = CDColorPalete.swift; sourceTree = "<group>"; };
		8EABC1381AAA595D00A28B22 /* CDThinLineButton.swift */ = {isa = PBXFileReference; fileEncoding = 4; lastKnownFileType = sourcecode.swift; path = CDThinLineButton.swift; sourceTree = "<group>"; };
		8ECD0DC61AA39C6E00BB6E5E /* Cached-Bridging-Header.h */ = {isa = PBXFileReference; lastKnownFileType = sourcecode.c.h; path = "Cached-Bridging-Header.h"; sourceTree = "<group>"; };
		8ED211441AA38D610034CE9D /* Cached.app */ = {isa = PBXFileReference; explicitFileType = wrapper.application; includeInIndex = 0; path = Cached.app; sourceTree = BUILT_PRODUCTS_DIR; };
		8ED211481AA38D610034CE9D /* Info.plist */ = {isa = PBXFileReference; lastKnownFileType = text.plist.xml; path = Info.plist; sourceTree = "<group>"; };
		8ED211491AA38D610034CE9D /* AppDelegate.swift */ = {isa = PBXFileReference; lastKnownFileType = sourcecode.swift; path = AppDelegate.swift; sourceTree = "<group>"; };
		8ED2114B1AA38D610034CE9D /* CDFeedController.swift */ = {isa = PBXFileReference; lastKnownFileType = sourcecode.swift; path = CDFeedController.swift; sourceTree = "<group>"; };
		8ED2114E1AA38D610034CE9D /* Base */ = {isa = PBXFileReference; lastKnownFileType = file.storyboard; name = Base; path = Base.lproj/Main.storyboard; sourceTree = "<group>"; };
		8ED211501AA38D610034CE9D /* Images.xcassets */ = {isa = PBXFileReference; lastKnownFileType = folder.assetcatalog; path = Images.xcassets; sourceTree = "<group>"; };
		8ED211531AA38D610034CE9D /* Base */ = {isa = PBXFileReference; lastKnownFileType = file.xib; name = Base; path = Base.lproj/LaunchScreen.xib; sourceTree = "<group>"; };
		8ED211591AA38D610034CE9D /* CachedTests.xctest */ = {isa = PBXFileReference; explicitFileType = wrapper.cfbundle; includeInIndex = 0; path = CachedTests.xctest; sourceTree = BUILT_PRODUCTS_DIR; };
		8ED2115E1AA38D610034CE9D /* Info.plist */ = {isa = PBXFileReference; lastKnownFileType = text.plist.xml; path = Info.plist; sourceTree = "<group>"; };
		8EFDA04C1AACC20100C8C2E1 /* CDFeedTableViewCellModel.swift */ = {isa = PBXFileReference; fileEncoding = 4; lastKnownFileType = sourcecode.swift; path = CDFeedTableViewCellModel.swift; sourceTree = "<group>"; };
		8EFDA0531AACCEBC00C8C2E1 /* CDFeedControllerModel.swift */ = {isa = PBXFileReference; fileEncoding = 4; lastKnownFileType = sourcecode.swift; path = CDFeedControllerModel.swift; sourceTree = "<group>"; };
		98ADDA56751543FCF452B0EB /* Pods_CachedTests.framework */ = {isa = PBXFileReference; explicitFileType = wrapper.framework; includeInIndex = 0; path = Pods_CachedTests.framework; sourceTree = BUILT_PRODUCTS_DIR; };
/* End PBXFileReference section */

/* Begin PBXFrameworksBuildPhase section */
		8ED211411AA38D610034CE9D /* Frameworks */ = {
			isa = PBXFrameworksBuildPhase;
			buildActionMask = 2147483647;
			files = (
				8EAAC62F1AA7DAF1002B637D /* XCGLogger.framework in Frameworks */,
				7768E78E3F4F35A592CF393A /* Pods_Cached.framework in Frameworks */,
			);
			runOnlyForDeploymentPostprocessing = 0;
		};
		8ED211561AA38D610034CE9D /* Frameworks */ = {
			isa = PBXFrameworksBuildPhase;
			buildActionMask = 2147483647;
			files = (
				6BD97A9930E5A59373D17EB4 /* Pods_CachedTests.framework in Frameworks */,
			);
			runOnlyForDeploymentPostprocessing = 0;
		};
/* End PBXFrameworksBuildPhase section */

/* Begin PBXGroup section */
		18B7706E551A33C4E50F1717 /* Frameworks */ = {
			isa = PBXGroup;
			children = (
				60593C0386D0C495F755DC69 /* Pods_Cached.framework */,
				98ADDA56751543FCF452B0EB /* Pods_CachedTests.framework */,
			);
			name = Frameworks;
			sourceTree = "<group>";
		};
		8E23E4041AAA63C8000EC08D /* New Group */ = {
			isa = PBXGroup;
			children = (
				8E23E40A1AAA640E000EC08D /* CDWebViewController.swift */,
			);
			name = "New Group";
			sourceTree = "<group>";
		};
		8E7E7A7C1AC1F6D500D0BB09 /* DRRefreshControl */ = {
			isa = PBXGroup;
			children = (
				8E7E7A881AC1F93100D0BB09 /* AngleGradientLayer.h */,
				8E7E7A891AC1F93100D0BB09 /* AngleGradientLayer.m */,
				8E7E7A7F1AC1F71400D0BB09 /* CALayer+Extensions .swift */,
				8E7E7A801AC1F71400D0BB09 /* DRRingGradientLayer.swift */,
				8E7E7A811AC1F71400D0BB09 /* DRRingShapeLayer.swift */,
				8E7E7A821AC1F71400D0BB09 /* DRRefreshView.swift */,
			);
			name = DRRefreshControl;
			sourceTree = "<group>";
		};
		8E863EC01AA7E4AA0080FE24 /* Network Service */ = {
			isa = PBXGroup;
			children = (
				8E863EC61AA7E4C10080FE24 /* CDNetworkService.swift */,
			);
			name = "Network Service";
			sourceTree = "<group>";
		};
		8EAAC6201AA7ADF9002B637D /* Model */ = {
			isa = PBXGroup;
			children = (
				8EAAC6211AA7AE10002B637D /* CDStoryItem.swift */,
				8EABC1291AA921C100A28B22 /* CDDataManager.swift */,
			);
			name = Model;
			sourceTree = "<group>";
		};
		8EAAC6241AA7DAD2002B637D /* Products */ = {
			isa = PBXGroup;
			children = (
				8EAAC62A1AA7DAD3002B637D /* XCGLogger.framework */,
				8EAAC62C1AA7DAD3002B637D /* XCGLogger.framework */,
				8EAAC62E1AA7DAD3002B637D /* XCGLoggerTests.xctest */,
			);
			name = Products;
			sourceTree = "<group>";
		};
		8EABC1301AAA277100A28B22 /* Feed */ = {
			isa = PBXGroup;
			children = (
				8E7E7A7C1AC1F6D500D0BB09 /* DRRefreshControl */,
				8ED2114B1AA38D610034CE9D /* CDFeedController.swift */,
				8EFDA0531AACCEBC00C8C2E1 /* CDFeedControllerModel.swift */,
				8EABC1311AAA279F00A28B22 /* CDFeedTableView.swift */,
				8EABC1331AAA27E500A28B22 /* CDFeedTableViewCell.swift */,
				8EFDA04C1AACC20100C8C2E1 /* CDFeedTableViewCellModel.swift */,
			);
			name = Feed;
			sourceTree = "<group>";
		};
		8EABC1351AAA292C00A28B22 /* Common */ = {
			isa = PBXGroup;
			children = (
				8EABC1361AAA296D00A28B22 /* CDColorPalete.swift */,
				8EABC1381AAA595D00A28B22 /* CDThinLineButton.swift */,
			);
			name = Common;
			sourceTree = "<group>";
		};
		8ED2113B1AA38D610034CE9D = {
			isa = PBXGroup;
			children = (
				8EAAC6231AA7DAD2002B637D /* XCGLogger.xcodeproj */,
				8ED211461AA38D610034CE9D /* Cached */,
				8ED2115C1AA38D610034CE9D /* CachedTests */,
				8ED211451AA38D610034CE9D /* Products */,
				FD7E27556035BC2A078CD6B0 /* Pods */,
				18B7706E551A33C4E50F1717 /* Frameworks */,
			);
			sourceTree = "<group>";
		};
		8ED211451AA38D610034CE9D /* Products */ = {
			isa = PBXGroup;
			children = (
				8ED211441AA38D610034CE9D /* Cached.app */,
				8ED211591AA38D610034CE9D /* CachedTests.xctest */,
			);
			name = Products;
			sourceTree = "<group>";
		};
		8ED211461AA38D610034CE9D /* Cached */ = {
			isa = PBXGroup;
			children = (
				8E23E4041AAA63C8000EC08D /* New Group */,
				8EABC1351AAA292C00A28B22 /* Common */,
				8EABC1301AAA277100A28B22 /* Feed */,
				8E863EC01AA7E4AA0080FE24 /* Network Service */,
				8EAAC6201AA7ADF9002B637D /* Model */,
				8ED211491AA38D610034CE9D /* AppDelegate.swift */,
				8ED2114D1AA38D610034CE9D /* Main.storyboard */,
				8ED211501AA38D610034CE9D /* Images.xcassets */,
				8ED211521AA38D610034CE9D /* LaunchScreen.xib */,
				8ED211471AA38D610034CE9D /* Supporting Files */,
			);
			path = Cached;
			sourceTree = "<group>";
		};
		8ED211471AA38D610034CE9D /* Supporting Files */ = {
			isa = PBXGroup;
			children = (
				8ECD0DC61AA39C6E00BB6E5E /* Cached-Bridging-Header.h */,
				8ED211481AA38D610034CE9D /* Info.plist */,
			);
			name = "Supporting Files";
			sourceTree = "<group>";
		};
		8ED2115C1AA38D610034CE9D /* CachedTests */ = {
			isa = PBXGroup;
			children = (
				8ED2115D1AA38D610034CE9D /* Supporting Files */,
				8E9C115D1AA4449A008B4603 /* FeedViewControllerSpec.swift */,
				8EAAC61B1AA7AD30002B637D /* CDStoryItemSpec.swift */,
				8E863EC81AA7EF680080FE24 /* CDNetworkServiceSpec.swift */,
			);
			path = CachedTests;
			sourceTree = "<group>";
		};
		8ED2115D1AA38D610034CE9D /* Supporting Files */ = {
			isa = PBXGroup;
			children = (
				8ED2115E1AA38D610034CE9D /* Info.plist */,
			);
			name = "Supporting Files";
			sourceTree = "<group>";
		};
		FD7E27556035BC2A078CD6B0 /* Pods */ = {
			isa = PBXGroup;
			children = (
				50D38CD5B1105B633AE4BD0C /* Pods-Cached.debug.xcconfig */,
				4A2491F5FD48C7BEA94DFE0C /* Pods-Cached.release.xcconfig */,
				13CCC95CC67740D2D0CD7817 /* Pods-CachedTests.debug.xcconfig */,
				3375D3688318BF3CF6A42616 /* Pods-CachedTests.release.xcconfig */,
			);
			name = Pods;
			sourceTree = "<group>";
		};
/* End PBXGroup section */

/* Begin PBXNativeTarget section */
		8ED211431AA38D610034CE9D /* Cached */ = {
			isa = PBXNativeTarget;
			buildConfigurationList = 8ED211631AA38D610034CE9D /* Build configuration list for PBXNativeTarget "Cached" */;
			buildPhases = (
				B407F323CBBC2326848C6275 /* Check Pods Manifest.lock */,
				8ED211401AA38D610034CE9D /* Sources */,
				8ED211411AA38D610034CE9D /* Frameworks */,
				8ED211421AA38D610034CE9D /* Resources */,
				8EA229A51AA5664F00041303 /* CopyFiles */,
				3F1F88ABD2AD5F6779800293 /* Copy Pods Resources */,
				11FCDC19347B28EEA84CCC35 /* Embed Pods Frameworks */,
			);
			buildRules = (
			);
			dependencies = (
				8EAAC6321AA7DAF1002B637D /* PBXTargetDependency */,
			);
			name = Cached;
			productName = Cached;
			productReference = 8ED211441AA38D610034CE9D /* Cached.app */;
			productType = "com.apple.product-type.application";
		};
		8ED211581AA38D610034CE9D /* CachedTests */ = {
			isa = PBXNativeTarget;
			buildConfigurationList = 8ED211661AA38D610034CE9D /* Build configuration list for PBXNativeTarget "CachedTests" */;
			buildPhases = (
				82CA8CD38E9050CB114568D2 /* Check Pods Manifest.lock */,
				8ED211551AA38D610034CE9D /* Sources */,
				8ED211561AA38D610034CE9D /* Frameworks */,
				8ED211571AA38D610034CE9D /* Resources */,
				90883B7A9105D2B0496340E5 /* Copy Pods Resources */,
				FFF7A992EDC80192632D6857 /* Embed Pods Frameworks */,
			);
			buildRules = (
			);
			dependencies = (
				8ED2115B1AA38D610034CE9D /* PBXTargetDependency */,
			);
			name = CachedTests;
			productName = CachedTests;
			productReference = 8ED211591AA38D610034CE9D /* CachedTests.xctest */;
			productType = "com.apple.product-type.bundle.unit-test";
		};
/* End PBXNativeTarget section */

/* Begin PBXProject section */
		8ED2113C1AA38D610034CE9D /* Project object */ = {
			isa = PBXProject;
			attributes = {
				LastUpgradeCheck = 0630;
				ORGANIZATIONNAME = "Daniel Rakhamimov";
				TargetAttributes = {
					8ED211431AA38D610034CE9D = {
						CreatedOnToolsVersion = 6.3;
					};
					8ED211581AA38D610034CE9D = {
						CreatedOnToolsVersion = 6.3;
						TestTargetID = 8ED211431AA38D610034CE9D;
					};
				};
			};
			buildConfigurationList = 8ED2113F1AA38D610034CE9D /* Build configuration list for PBXProject "Cached" */;
			compatibilityVersion = "Xcode 3.2";
			developmentRegion = English;
			hasScannedForEncodings = 0;
			knownRegions = (
				en,
				Base,
			);
			mainGroup = 8ED2113B1AA38D610034CE9D;
			productRefGroup = 8ED211451AA38D610034CE9D /* Products */;
			projectDirPath = "";
			projectReferences = (
				{
					ProductGroup = 8EAAC6241AA7DAD2002B637D /* Products */;
					ProjectRef = 8EAAC6231AA7DAD2002B637D /* XCGLogger.xcodeproj */;
				},
			);
			projectRoot = "";
			targets = (
				8ED211431AA38D610034CE9D /* Cached */,
				8ED211581AA38D610034CE9D /* CachedTests */,
			);
		};
/* End PBXProject section */

/* Begin PBXReferenceProxy section */
		8EAAC62A1AA7DAD3002B637D /* XCGLogger.framework */ = {
			isa = PBXReferenceProxy;
			fileType = wrapper.framework;
			path = XCGLogger.framework;
			remoteRef = 8EAAC6291AA7DAD3002B637D /* PBXContainerItemProxy */;
			sourceTree = BUILT_PRODUCTS_DIR;
		};
		8EAAC62C1AA7DAD3002B637D /* XCGLogger.framework */ = {
			isa = PBXReferenceProxy;
			fileType = wrapper.framework;
			path = XCGLogger.framework;
			remoteRef = 8EAAC62B1AA7DAD3002B637D /* PBXContainerItemProxy */;
			sourceTree = BUILT_PRODUCTS_DIR;
		};
		8EAAC62E1AA7DAD3002B637D /* XCGLoggerTests.xctest */ = {
			isa = PBXReferenceProxy;
			fileType = wrapper.cfbundle;
			path = XCGLoggerTests.xctest;
			remoteRef = 8EAAC62D1AA7DAD3002B637D /* PBXContainerItemProxy */;
			sourceTree = BUILT_PRODUCTS_DIR;
		};
/* End PBXReferenceProxy section */

/* Begin PBXResourcesBuildPhase section */
		8ED211421AA38D610034CE9D /* Resources */ = {
			isa = PBXResourcesBuildPhase;
			buildActionMask = 2147483647;
			files = (
				8ED2114F1AA38D610034CE9D /* Main.storyboard in Resources */,
				8ED211541AA38D610034CE9D /* LaunchScreen.xib in Resources */,
				8ED211511AA38D610034CE9D /* Images.xcassets in Resources */,
			);
			runOnlyForDeploymentPostprocessing = 0;
		};
		8ED211571AA38D610034CE9D /* Resources */ = {
			isa = PBXResourcesBuildPhase;
			buildActionMask = 2147483647;
			files = (
			);
			runOnlyForDeploymentPostprocessing = 0;
		};
/* End PBXResourcesBuildPhase section */

/* Begin PBXShellScriptBuildPhase section */
		11FCDC19347B28EEA84CCC35 /* Embed Pods Frameworks */ = {
			isa = PBXShellScriptBuildPhase;
			buildActionMask = 2147483647;
			files = (
			);
			inputPaths = (
			);
			name = "Embed Pods Frameworks";
			outputPaths = (
			);
			runOnlyForDeploymentPostprocessing = 0;
			shellPath = /bin/sh;
			shellScript = "\"${SRCROOT}/Pods/Target Support Files/Pods-Cached/Pods-Cached-frameworks.sh\"\n";
			showEnvVarsInLog = 0;
		};
		3F1F88ABD2AD5F6779800293 /* Copy Pods Resources */ = {
			isa = PBXShellScriptBuildPhase;
			buildActionMask = 2147483647;
			files = (
			);
			inputPaths = (
			);
			name = "Copy Pods Resources";
			outputPaths = (
			);
			runOnlyForDeploymentPostprocessing = 0;
			shellPath = /bin/sh;
			shellScript = "\"${SRCROOT}/Pods/Target Support Files/Pods-Cached/Pods-Cached-resources.sh\"\n";
			showEnvVarsInLog = 0;
		};
		82CA8CD38E9050CB114568D2 /* Check Pods Manifest.lock */ = {
			isa = PBXShellScriptBuildPhase;
			buildActionMask = 2147483647;
			files = (
			);
			inputPaths = (
			);
			name = "Check Pods Manifest.lock";
			outputPaths = (
			);
			runOnlyForDeploymentPostprocessing = 0;
			shellPath = /bin/sh;
			shellScript = "diff \"${PODS_ROOT}/../Podfile.lock\" \"${PODS_ROOT}/Manifest.lock\" > /dev/null\nif [[ $? != 0 ]] ; then\n    cat << EOM\nerror: The sandbox is not in sync with the Podfile.lock. Run 'pod install' or update your CocoaPods installation.\nEOM\n    exit 1\nfi\n";
			showEnvVarsInLog = 0;
		};
		90883B7A9105D2B0496340E5 /* Copy Pods Resources */ = {
			isa = PBXShellScriptBuildPhase;
			buildActionMask = 2147483647;
			files = (
			);
			inputPaths = (
			);
			name = "Copy Pods Resources";
			outputPaths = (
			);
			runOnlyForDeploymentPostprocessing = 0;
			shellPath = /bin/sh;
			shellScript = "\"${SRCROOT}/Pods/Target Support Files/Pods-CachedTests/Pods-CachedTests-resources.sh\"\n";
			showEnvVarsInLog = 0;
		};
		B407F323CBBC2326848C6275 /* Check Pods Manifest.lock */ = {
			isa = PBXShellScriptBuildPhase;
			buildActionMask = 2147483647;
			files = (
			);
			inputPaths = (
			);
			name = "Check Pods Manifest.lock";
			outputPaths = (
			);
			runOnlyForDeploymentPostprocessing = 0;
			shellPath = /bin/sh;
			shellScript = "diff \"${PODS_ROOT}/../Podfile.lock\" \"${PODS_ROOT}/Manifest.lock\" > /dev/null\nif [[ $? != 0 ]] ; then\n    cat << EOM\nerror: The sandbox is not in sync with the Podfile.lock. Run 'pod install' or update your CocoaPods installation.\nEOM\n    exit 1\nfi\n";
			showEnvVarsInLog = 0;
		};
		FFF7A992EDC80192632D6857 /* Embed Pods Frameworks */ = {
			isa = PBXShellScriptBuildPhase;
			buildActionMask = 2147483647;
			files = (
			);
			inputPaths = (
			);
			name = "Embed Pods Frameworks";
			outputPaths = (
			);
			runOnlyForDeploymentPostprocessing = 0;
			shellPath = /bin/sh;
			shellScript = "\"${SRCROOT}/Pods/Target Support Files/Pods-CachedTests/Pods-CachedTests-frameworks.sh\"\n";
			showEnvVarsInLog = 0;
		};
/* End PBXShellScriptBuildPhase section */

/* Begin PBXSourcesBuildPhase section */
		8ED211401AA38D610034CE9D /* Sources */ = {
			isa = PBXSourcesBuildPhase;
			buildActionMask = 2147483647;
			files = (
				8ED2114C1AA38D610034CE9D /* CDFeedController.swift in Sources */,
				8E7E7A851AC1F71400D0BB09 /* DRRingShapeLayer.swift in Sources */,
				8E7E7A831AC1F71400D0BB09 /* CALayer+Extensions .swift in Sources */,
				8EABC1391AAA595D00A28B22 /* CDThinLineButton.swift in Sources */,
				8EFDA0541AACCEBC00C8C2E1 /* CDFeedControllerModel.swift in Sources */,
				8EABC12A1AA921C100A28B22 /* CDDataManager.swift in Sources */,
				8E7E7A8A1AC1F93100D0BB09 /* AngleGradientLayer.m in Sources */,
				8E7E7A861AC1F71400D0BB09 /* DRRefreshView.swift in Sources */,
				8EFDA04D1AACC20100C8C2E1 /* CDFeedTableViewCellModel.swift in Sources */,
				8EAAC6221AA7AE10002B637D /* CDStoryItem.swift in Sources */,
				8E7E7A841AC1F71400D0BB09 /* DRRingGradientLayer.swift in Sources */,
				8ED2114A1AA38D610034CE9D /* AppDelegate.swift in Sources */,
				8EABC1371AAA296D00A28B22 /* CDColorPalete.swift in Sources */,
				8EABC1321AAA279F00A28B22 /* CDFeedTableView.swift in Sources */,
				8EABC1341AAA27E500A28B22 /* CDFeedTableViewCell.swift in Sources */,
				8E23E40B1AAA640E000EC08D /* CDWebViewController.swift in Sources */,
				8E863EC71AA7E4C10080FE24 /* CDNetworkService.swift in Sources */,
			);
			runOnlyForDeploymentPostprocessing = 0;
		};
		8ED211551AA38D610034CE9D /* Sources */ = {
			isa = PBXSourcesBuildPhase;
			buildActionMask = 2147483647;
			files = (
				8EAAC61C1AA7AD30002B637D /* CDStoryItemSpec.swift in Sources */,
				8E9C115E1AA4449A008B4603 /* FeedViewControllerSpec.swift in Sources */,
				8E863EC91AA7EF680080FE24 /* CDNetworkServiceSpec.swift in Sources */,
			);
			runOnlyForDeploymentPostprocessing = 0;
		};
/* End PBXSourcesBuildPhase section */

/* Begin PBXTargetDependency section */
		8EAAC6321AA7DAF1002B637D /* PBXTargetDependency */ = {
			isa = PBXTargetDependency;
			name = "XCGLogger (iOS)";
			targetProxy = 8EAAC6311AA7DAF1002B637D /* PBXContainerItemProxy */;
		};
		8ED2115B1AA38D610034CE9D /* PBXTargetDependency */ = {
			isa = PBXTargetDependency;
			target = 8ED211431AA38D610034CE9D /* Cached */;
			targetProxy = 8ED2115A1AA38D610034CE9D /* PBXContainerItemProxy */;
		};
/* End PBXTargetDependency section */

/* Begin PBXVariantGroup section */
		8ED2114D1AA38D610034CE9D /* Main.storyboard */ = {
			isa = PBXVariantGroup;
			children = (
				8ED2114E1AA38D610034CE9D /* Base */,
			);
			name = Main.storyboard;
			sourceTree = "<group>";
		};
		8ED211521AA38D610034CE9D /* LaunchScreen.xib */ = {
			isa = PBXVariantGroup;
			children = (
				8ED211531AA38D610034CE9D /* Base */,
			);
			name = LaunchScreen.xib;
			sourceTree = "<group>";
		};
/* End PBXVariantGroup section */

/* Begin XCBuildConfiguration section */
		8ED211611AA38D610034CE9D /* Debug */ = {
			isa = XCBuildConfiguration;
			buildSettings = {
				ALWAYS_SEARCH_USER_PATHS = NO;
				CLANG_CXX_LANGUAGE_STANDARD = "gnu++0x";
				CLANG_CXX_LIBRARY = "libc++";
				CLANG_ENABLE_MODULES = YES;
				CLANG_ENABLE_OBJC_ARC = YES;
				CLANG_WARN_BOOL_CONVERSION = YES;
				CLANG_WARN_CONSTANT_CONVERSION = YES;
				CLANG_WARN_DIRECT_OBJC_ISA_USAGE = YES_ERROR;
				CLANG_WARN_EMPTY_BODY = YES;
				CLANG_WARN_ENUM_CONVERSION = YES;
				CLANG_WARN_INT_CONVERSION = YES;
				CLANG_WARN_OBJC_ROOT_CLASS = YES_ERROR;
				CLANG_WARN_UNREACHABLE_CODE = YES;
				CLANG_WARN__DUPLICATE_METHOD_MATCH = YES;
				"CODE_SIGN_IDENTITY[sdk=iphoneos*]" = "iPhone Developer";
				COPY_PHASE_STRIP = NO;
				DEBUG_INFORMATION_FORMAT = dwarf;
				DEFINES_MODULE = YES;
				ENABLE_STRICT_OBJC_MSGSEND = YES;
				GCC_C_LANGUAGE_STANDARD = gnu99;
				GCC_DYNAMIC_NO_PIC = NO;
				GCC_OPTIMIZATION_LEVEL = 0;
				GCC_PREPROCESSOR_DEFINITIONS = (
					"DEBUG=1",
					"$(inherited)",
				);
				GCC_SYMBOLS_PRIVATE_EXTERN = NO;
				GCC_WARN_64_TO_32_BIT_CONVERSION = YES;
				GCC_WARN_ABOUT_RETURN_TYPE = YES_ERROR;
				GCC_WARN_UNDECLARED_SELECTOR = YES;
				GCC_WARN_UNINITIALIZED_AUTOS = YES_AGGRESSIVE;
				GCC_WARN_UNUSED_FUNCTION = YES;
				GCC_WARN_UNUSED_VARIABLE = YES;
				IPHONEOS_DEPLOYMENT_TARGET = 8.3;
				MTL_ENABLE_DEBUG_INFO = YES;
				ONLY_ACTIVE_ARCH = YES;
				SDKROOT = iphoneos;
				SWIFT_OPTIMIZATION_LEVEL = "-Onone";
				VALID_ARCHS = "armv7 armv7s arm64";
			};
			name = Debug;
		};
		8ED211621AA38D610034CE9D /* Release */ = {
			isa = XCBuildConfiguration;
			buildSettings = {
				ALWAYS_SEARCH_USER_PATHS = NO;
				CLANG_CXX_LANGUAGE_STANDARD = "gnu++0x";
				CLANG_CXX_LIBRARY = "libc++";
				CLANG_ENABLE_MODULES = YES;
				CLANG_ENABLE_OBJC_ARC = YES;
				CLANG_WARN_BOOL_CONVERSION = YES;
				CLANG_WARN_CONSTANT_CONVERSION = YES;
				CLANG_WARN_DIRECT_OBJC_ISA_USAGE = YES_ERROR;
				CLANG_WARN_EMPTY_BODY = YES;
				CLANG_WARN_ENUM_CONVERSION = YES;
				CLANG_WARN_INT_CONVERSION = YES;
				CLANG_WARN_OBJC_ROOT_CLASS = YES_ERROR;
				CLANG_WARN_UNREACHABLE_CODE = YES;
				CLANG_WARN__DUPLICATE_METHOD_MATCH = YES;
				"CODE_SIGN_IDENTITY[sdk=iphoneos*]" = "iPhone Developer";
				COPY_PHASE_STRIP = NO;
				DEBUG_INFORMATION_FORMAT = "dwarf-with-dsym";
				DEFINES_MODULE = YES;
				ENABLE_NS_ASSERTIONS = NO;
				ENABLE_STRICT_OBJC_MSGSEND = YES;
				GCC_C_LANGUAGE_STANDARD = gnu99;
				GCC_WARN_64_TO_32_BIT_CONVERSION = YES;
				GCC_WARN_ABOUT_RETURN_TYPE = YES_ERROR;
				GCC_WARN_UNDECLARED_SELECTOR = YES;
				GCC_WARN_UNINITIALIZED_AUTOS = YES_AGGRESSIVE;
				GCC_WARN_UNUSED_FUNCTION = YES;
				GCC_WARN_UNUSED_VARIABLE = YES;
				IPHONEOS_DEPLOYMENT_TARGET = 8.3;
				MTL_ENABLE_DEBUG_INFO = NO;
				SDKROOT = iphoneos;
				VALIDATE_PRODUCT = YES;
				VALID_ARCHS = "armv7 armv7s arm64";
			};
			name = Release;
		};
		8ED211641AA38D610034CE9D /* Debug */ = {
			isa = XCBuildConfiguration;
			baseConfigurationReference = 50D38CD5B1105B633AE4BD0C /* Pods-Cached.debug.xcconfig */;
			buildSettings = {
				ASSETCATALOG_COMPILER_APPICON_NAME = AppIcon;
				CLANG_ENABLE_MODULES = YES;
				EMBEDDED_CONTENT_CONTAINS_SWIFT = YES;
				INFOPLIST_FILE = Cached/Info.plist;
				IPHONEOS_DEPLOYMENT_TARGET = 8.1;
				LD_RUNPATH_SEARCH_PATHS = "$(inherited) @executable_path/Frameworks";
				ONLY_ACTIVE_ARCH = YES;
				PRODUCT_NAME = "$(TARGET_NAME)";
				SWIFT_OBJC_BRIDGING_HEADER = "Cached/Cached-Bridging-Header.h";
				SWIFT_OPTIMIZATION_LEVEL = "-Onone";
				VALID_ARCHS = "armv7 armv7s arm64";
			};
			name = Debug;
		};
		8ED211651AA38D610034CE9D /* Release */ = {
			isa = XCBuildConfiguration;
			baseConfigurationReference = 4A2491F5FD48C7BEA94DFE0C /* Pods-Cached.release.xcconfig */;
			buildSettings = {
				ASSETCATALOG_COMPILER_APPICON_NAME = AppIcon;
				CLANG_ENABLE_MODULES = YES;
				EMBEDDED_CONTENT_CONTAINS_SWIFT = YES;
				INFOPLIST_FILE = Cached/Info.plist;
				IPHONEOS_DEPLOYMENT_TARGET = 8.1;
				LD_RUNPATH_SEARCH_PATHS = "$(inherited) @executable_path/Frameworks";
				ONLY_ACTIVE_ARCH = YES;
				PRODUCT_NAME = "$(TARGET_NAME)";
				SWIFT_OBJC_BRIDGING_HEADER = "Cached/Cached-Bridging-Header.h";
				VALID_ARCHS = "armv7 armv7s arm64";
			};
			name = Release;
		};
		8ED211671AA38D610034CE9D /* Debug */ = {
			isa = XCBuildConfiguration;
			baseConfigurationReference = 13CCC95CC67740D2D0CD7817 /* Pods-CachedTests.debug.xcconfig */;
			buildSettings = {
				BUNDLE_LOADER = "$(TEST_HOST)";
				CLANG_ENABLE_MODULES = YES;
				FRAMEWORK_SEARCH_PATHS = (
					"$(SDKROOT)/Developer/Library/Frameworks",
					"$(inherited)",
					"$(PROJECT_DIR)/Nimble/build/Debug-iphoneos",
					"$(USER_LIBRARY_DIR)/Developer/Xcode/DerivedData/Cached-gtglcjewrjsijnebvenogwvcylyy/Build/Products/Debug",
				);
				GCC_PREPROCESSOR_DEFINITIONS = (
					"DEBUG=1",
					"$(inherited)",
				);
				INFOPLIST_FILE = CachedTests/Info.plist;
				LD_RUNPATH_SEARCH_PATHS = "$(inherited) @executable_path/Frameworks @loader_path/Frameworks";
				PRODUCT_NAME = "$(TARGET_NAME)";
				SWIFT_OPTIMIZATION_LEVEL = "-Onone";
				TEST_HOST = "$(BUILT_PRODUCTS_DIR)/Cached.app/Cached";
			};
			name = Debug;
		};
		8ED211681AA38D610034CE9D /* Release */ = {
			isa = XCBuildConfiguration;
			baseConfigurationReference = 3375D3688318BF3CF6A42616 /* Pods-CachedTests.release.xcconfig */;
			buildSettings = {
				BUNDLE_LOADER = "$(TEST_HOST)";
				CLANG_ENABLE_MODULES = YES;
				FRAMEWORK_SEARCH_PATHS = (
					"$(SDKROOT)/Developer/Library/Frameworks",
					"$(inherited)",
					"$(PROJECT_DIR)/Nimble/build/Debug-iphoneos",
					"$(USER_LIBRARY_DIR)/Developer/Xcode/DerivedData/Cached-gtglcjewrjsijnebvenogwvcylyy/Build/Products/Debug",
				);
				INFOPLIST_FILE = CachedTests/Info.plist;
				LD_RUNPATH_SEARCH_PATHS = "$(inherited) @executable_path/Frameworks @loader_path/Frameworks";
				PRODUCT_NAME = "$(TARGET_NAME)";
				TEST_HOST = "$(BUILT_PRODUCTS_DIR)/Cached.app/Cached";
			};
			name = Release;
		};
/* End XCBuildConfiguration section */

/* Begin XCConfigurationList section */
		8ED2113F1AA38D610034CE9D /* Build configuration list for PBXProject "Cached" */ = {
			isa = XCConfigurationList;
			buildConfigurations = (
				8ED211611AA38D610034CE9D /* Debug */,
				8ED211621AA38D610034CE9D /* Release */,
			);
			defaultConfigurationIsVisible = 0;
			defaultConfigurationName = Release;
		};
		8ED211631AA38D610034CE9D /* Build configuration list for PBXNativeTarget "Cached" */ = {
			isa = XCConfigurationList;
			buildConfigurations = (
				8ED211641AA38D610034CE9D /* Debug */,
				8ED211651AA38D610034CE9D /* Release */,
			);
			defaultConfigurationIsVisible = 0;
			defaultConfigurationName = Release;
		};
		8ED211661AA38D610034CE9D /* Build configuration list for PBXNativeTarget "CachedTests" */ = {
			isa = XCConfigurationList;
			buildConfigurations = (
				8ED211671AA38D610034CE9D /* Debug */,
				8ED211681AA38D610034CE9D /* Release */,
			);
			defaultConfigurationIsVisible = 0;
			defaultConfigurationName = Release;
		};
/* End XCConfigurationList section */
	};
	rootObject = 8ED2113C1AA38D610034CE9D /* Project object */;
}
